
Microsoft Visual Studio Solution File, Format Version 12.00
# Visual Studio Version 17
VisualStudioVersion = 17.10.35004.147
MinimumVisualStudioVersion = 10.0.40219.1
Project("{9A19103F-16F7-4668-BE54-9A1E7A4F7556}") = "MasterStream_2.Core.API", "MasterStream_2.Core.API\MasterStream_2.Core.API.csproj", "{4BFD843B-8E81-4119-9FB6-A87DFCD1F01A}"
EndProject
Project("{FAE04EC0-301F-11D3-BF4B-00C04F79EFBC}") = "MasterStream_2.Core.API.Infrastructure.Build", "MasterStream_2.Core.API.Infrastructure.Build\MasterStream_2.Core.API.Infrastructure.Build.csproj", "{4893EE74-D768-4417-B010-D986C5D039FD}"
EndProject
Project("{FAE04EC0-301F-11D3-BF4B-00C04F79EFBC}") = "MasterStream_2.Core.API.Tests.Unit", "MasterStream_2.Core.API.Tests.Unit\MasterStream_2.Core.API.Tests.Unit.csproj", "{F5AC4E78-0863-4584-A4A3-44758C8242B0}"
EndProject
Global
	GlobalSection(SolutionConfigurationPlatforms) = preSolution
		Debug|Any CPU = Debug|Any CPU
		Release|Any CPU = Release|Any CPU
	EndGlobalSection
	GlobalSection(ProjectConfigurationPlatforms) = postSolution
		{4BFD843B-8E81-4119-9FB6-A87DFCD1F01A}.Debug|Any CPU.ActiveCfg = Debug|Any CPU
		{4BFD843B-8E81-4119-9FB6-A87DFCD1F01A}.Debug|Any CPU.Build.0 = Debug|Any CPU
		{4BFD843B-8E81-4119-9FB6-A87DFCD1F01A}.Release|Any CPU.ActiveCfg = Release|Any CPU
		{4BFD843B-8E81-4119-9FB6-A87DFCD1F01A}.Release|Any CPU.Build.0 = Release|Any CPU
		{4893EE74-D768-4417-B010-D986C5D039FD}.Debug|Any CPU.ActiveCfg = Debug|Any CPU
		{4893EE74-D768-4417-B010-D986C5D039FD}.Debug|Any CPU.Build.0 = Debug|Any CPU
		{4893EE74-D768-4417-B010-D986C5D039FD}.Release|Any CPU.ActiveCfg = Release|Any CPU
		{4893EE74-D768-4417-B010-D986C5D039FD}.Release|Any CPU.Build.0 = Release|Any CPU
		{F5AC4E78-0863-4584-A4A3-44758C8242B0}.Debug|Any CPU.ActiveCfg = Debug|Any CPU
		{F5AC4E78-0863-4584-A4A3-44758C8242B0}.Debug|Any CPU.Build.0 = Debug|Any CPU
		{F5AC4E78-0863-4584-A4A3-44758C8242B0}.Release|Any CPU.ActiveCfg = Release|Any CPU
		{F5AC4E78-0863-4584-A4A3-44758C8242B0}.Release|Any CPU.Build.0 = Release|Any CPU
	EndGlobalSection
	GlobalSection(SolutionProperties) = preSolution
		HideSolutionNode = FALSE
	EndGlobalSection
	GlobalSection(ExtensibilityGlobals) = postSolution
		SolutionGuid = {17425E94-CAF5-46CD-8E74-6FE507B22948}
	EndGlobalSection
EndGlobal
